github.com/TurboKang/okex v1.0.27-beta h1:Wj1mVbX8d1S92S5/mOf/93xvUEIp5xUuJDK7WxfkHCU=
github.com/TurboKang/okex v1.0.27-beta/go.mod h1:ngcGmYzAiBKg18umdZqBDM8aluy3Q0gJMGSyeLo1XHA=
github.com/TurboKang/okex v1.0.28-beta h1:Ciima5bVQsd3S4EoUU2qSSPpHhQV9yQk+H3QKkRiCNw=
github.com/TurboKang/okex v1.0.28-beta/go.mod h1:ngcGmYzAiBKg18umdZqBDM8aluy3Q0gJMGSyeLo1XHA=
github.com/amir-the-h/okex v1.0.26-alpha h1:AMc/CEtRi5ixwcqfdjocBPf5wADLKDRgTQ2t/GJpRHg=
github.com/amir-the-h/okex v1.0.26-alpha/go.mod h1:ngcGmYzAiBKg18umdZqBDM8aluy3Q0gJMGSyeLo1XHA=
github.com/amir-the-h/okex v1.0.28-alpha h1:UHJWa22BOh/c5OKLIGSRk7xw9cm/cizXmEAT6HLabKU=
github.com/amir-the-h/okex v1.0.28-alpha/go.mod h1:ngcGmYzAiBKg18umdZqBDM8aluy3Q0gJMGSyeLo1XHA=
github.com/go-sql-driver/mysql v1.6.0 h1:BCTh4TKNUYmOmMUcQ3IipzF5prigylS7XXjEkfCHuOE=
github.com/go-sql-driver/mysql v1.6.0/go.mod h1:DCzpHaOWr8IXmIStZouvnhqoel9Qv2LBy8hT2VhHyBg=
github.com/gorilla/websocket v1.4.2 h1:+/TMaTYc4QFitKJxsQ7Yye35DkWvkdLcvGKqM+x0Ufc=
github.com/gorilla/websocket v1.4.2/go.mod h1:YR8l580nyteQvAITg2hZ9XVh4b55+EU/adAjf1fMHhE=
github.com/gorilla/websocket v1.5.0 h1:PPwGk2jz7EePpoHN/+ClbZu8SPxiqlu12wZP/3sWmnc=
github.com/gorilla/websocket v1.5.0/go.mod h1:YR8l580nyteQvAITg2hZ9XVh4b55+EU/adAjf1fMHhE=
github.com/jinzhu/inflection v1.0.0 h1:K317FqzuhWc8YvSVlFMCCUb36O/S9MCKRDI7QkRKD/E=
github.com/jinzhu/inflection v1.0.0/go.mod h1:h+uFLlag+Qp1Va5pdKtLDYj+kHp5pxUVkryuEj+Srlc=
github.com/jinzhu/now v1.1.4/go.mod h1:d3SSVoowX0Lcu0IBviAWJpolVfI5UJVZZ7cO71lE/z8=
github.com/jinzhu/now v1.1.5 h1:/o9tlHleP7gOFmsnYNz3RGnqzefHA47wQpKrrdTIwXQ=
github.com/jinzhu/now v1.1.5/go.mod h1:d3SSVoowX0Lcu0IBviAWJpolVfI5UJVZZ7cO71lE/z8=
github.com/markcheno/go-talib v0.0.0-20190307022042-cd53a9264d70 h1:+iG37/Aw61Oc+ZJ4DSxQF2+K0e4ZiMidI7ytWuW4/cI=
github.com/markcheno/go-talib v0.0.0-20190307022042-cd53a9264d70/go.mod h1:xsYvOKWtDWoDV0kdN3U8tYZ4lVrhjqf64cJRzR4ScTI=
gorm.io/driver/mysql v1.3.2 h1:QJryWiqQ91EvZ0jZL48NOpdlPdMjdip1hQ8bTgo4H7I=
gorm.io/driver/mysql v1.3.2/go.mod h1:ChK6AHbHgDCFZyJp0F+BmVGb06PSIoh9uVYKAlRbb2U=
gorm.io/gorm v1.23.1/go.mod h1:l2lP/RyAtc1ynaTjFksBde/O8v9oOGIApu2/xRitmZk=
gorm.io/gorm v1.23.3 h1:jYh3nm7uLZkrMVfA8WVNjDZryKfr7W+HTlInVgKFJAg=
gorm.io/gorm v1.23.3/go.mod h1:l2lP/RyAtc1ynaTjFksBde/O8v9oOGIApu2/xRitmZk=
